
Microsoft Visual Studio Solution File, Format Version 12.00
# Visual Studio 2012
Project("{FAE04EC0-301F-11D3-BF4B-00C04F79EFBC}") = "nanjing_price", "nanjing_price\nanjing_price.csproj", "{0415DC1B-3C0A-47A8-9788-B24376055A9B}"
EndProject
Global
	GlobalSection(SolutionConfigurationPlatforms) = preSolution
		Debug|Any CPU = Debug|Any CPU
		Release|Any CPU = Release|Any CPU
	EndGlobalSection
	GlobalSection(ProjectConfigurationPlatforms) = postSolution
		{0415DC1B-3C0A-47A8-9788-B24376055A9B}.Debug|Any CPU.ActiveCfg = Debug|Any CPU
		{0415DC1B-3C0A-47A8-9788-B24376055A9B}.Debug|Any CPU.Build.0 = Debug|Any CPU
		{0415DC1B-3C0A-47A8-9788-B24376055A9B}.Release|Any CPU.ActiveCfg = Release|Any CPU
		{0415DC1B-3C0A-47A8-9788-B24376055A9B}.Release|Any CPU.Build.0 = Release|Any CPU
	EndGlobalSection
	GlobalSection(SolutionProperties) = preSolution
		HideSolutionNode = FALSE
	EndGlobalSection
EndGlobal
